
Microsoft Visual Studio Solution File, Format Version 12.00
# Visual Studio 15
VisualStudioVersion = 15.0.27004.2009
MinimumVisualStudioVersion = 10.0.40219.1
Project("{8BC9CEB8-8B4A-11D0-8D11-00A0C91BC942}") = "EvenSetDivision", "EvenSetDivision\EvenSetDivision.vcxproj", "{B0AE20A6-4E5E-4927-896E-57EC86F881F4}"
EndProject
Global
	GlobalSection(SolutionConfigurationPlatforms) = preSolution
		Debug|x64 = Debug|x64
		Debug|x86 = Debug|x86
		Release|x64 = Release|x64
		Release|x86 = Release|x86
	EndGlobalSection
	GlobalSection(ProjectConfigurationPlatforms) = postSolution
		{B0AE20A6-4E5E-4927-896E-57EC86F881F4}.Debug|x64.ActiveCfg = Debug|x64
		{B0AE20A6-4E5E-4927-896E-57EC86F881F4}.Debug|x64.Build.0 = Debug|x64
		{B0AE20A6-4E5E-4927-896E-57EC86F881F4}.Debug|x86.ActiveCfg = Debug|Win32
		{B0AE20A6-4E5E-4927-896E-57EC86F881F4}.Debug|x86.Build.0 = Debug|Win32
		{B0AE20A6-4E5E-4927-896E-57EC86F881F4}.Release|x64.ActiveCfg = Release|x64
		{B0AE20A6-4E5E-4927-896E-57EC86F881F4}.Release|x64.Build.0 = Release|x64
		{B0AE20A6-4E5E-4927-896E-57EC86F881F4}.Release|x86.ActiveCfg = Release|Win32
		{B0AE20A6-4E5E-4927-896E-57EC86F881F4}.Release|x86.Build.0 = Release|Win32
	EndGlobalSection
	GlobalSection(SolutionProperties) = preSolution
		HideSolutionNode = FALSE
	EndGlobalSection
	GlobalSection(ExtensibilityGlobals) = postSolution
		SolutionGuid = {23DA096C-AE0B-4F77-B635-C54BDAF2ADD6}
	EndGlobalSection
EndGlobal
